Microsoft Visual Studio Solution File, Format Version 11.00
# Visual Studio 2008

Project("{BADF32BA-B918-8683-A44B-74B72019893B}") = "firstProject", "Assembly-CSharp-firstpass.csproj", "{A349AB9A-664E-4E8F-37E3-D82837BF0627}"
EndProject
Project("{BADF32BA-B918-8683-A44B-74B72019893B}") = "firstProject", "Assembly-CSharp-Editor-firstpass.csproj", "{23F3CDD6-61C1-2279-8B96-1BA60FCDAA74}"
EndProject
Global
	GlobalSection(SolutionConfigurationPlatforms) = preSolution
		Debug|Any CPU = Debug|Any CPU
		Release|Any CPU = Release|Any CPU
	EndGlobalSection
	GlobalSection(ProjectConfigurationPlatforms) = postSolution
		{A349AB9A-664E-4E8F-37E3-D82837BF0627}.Debug|Any CPU.ActiveCfg = Debug|Any CPU
		{A349AB9A-664E-4E8F-37E3-D82837BF0627}.Debug|Any CPU.Build.0 = Debug|Any CPU
		{A349AB9A-664E-4E8F-37E3-D82837BF0627}.Release|Any CPU.ActiveCfg = Release|Any CPU
		{A349AB9A-664E-4E8F-37E3-D82837BF0627}.Release|Any CPU.Build.0 = Release|Any CPU
		{23F3CDD6-61C1-2279-8B96-1BA60FCDAA74}.Debug|Any CPU.ActiveCfg = Debug|Any CPU
		{23F3CDD6-61C1-2279-8B96-1BA60FCDAA74}.Debug|Any CPU.Build.0 = Debug|Any CPU
		{23F3CDD6-61C1-2279-8B96-1BA60FCDAA74}.Release|Any CPU.ActiveCfg = Release|Any CPU
		{23F3CDD6-61C1-2279-8B96-1BA60FCDAA74}.Release|Any CPU.Build.0 = Release|Any CPU
	EndGlobalSection
	GlobalSection(SolutionProperties) = preSolution
		HideSolutionNode = FALSE
	EndGlobalSection
	GlobalSection(MonoDevelopProperties) = preSolution
		StartupItem = Assembly-CSharp.csproj
	EndGlobalSection
EndGlobal
